
Microsoft Visual Studio Solution File, Format Version 12.00
# Visual Studio Version 17
VisualStudioVersion = 17.6.33829.357
MinimumVisualStudioVersion = 10.0.40219.1
Project("{FAE04EC0-301F-11D3-BF4B-00C04F79EFBC}") = "MagnificentSuperHeroes.WAApp", "MagnificentSuperHeroes.WAApp.csproj", "{CE798447-3C82-4BB1-9AD3-B026BEA8F764}"
EndProject
Project("{FAE04EC0-301F-11D3-BF4B-00C04F79EFBC}") = "MagnificentSuperHeroes.ServerAPI", "..\MagnificentSuperHeroes.ServerAPI\MagnificentSuperHeroes.ServerAPI.csproj", "{93D13EC0-2DFA-4BB6-9EF8-663671581DB4}"
EndProject
Global
	GlobalSection(SolutionConfigurationPlatforms) = preSolution
		Debug|Any CPU = Debug|Any CPU
		Release|Any CPU = Release|Any CPU
	EndGlobalSection
	GlobalSection(ProjectConfigurationPlatforms) = postSolution
		{CE798447-3C82-4BB1-9AD3-B026BEA8F764}.Debug|Any CPU.ActiveCfg = Debug|Any CPU
		{CE798447-3C82-4BB1-9AD3-B026BEA8F764}.Debug|Any CPU.Build.0 = Debug|Any CPU
		{CE798447-3C82-4BB1-9AD3-B026BEA8F764}.Release|Any CPU.ActiveCfg = Release|Any CPU
		{CE798447-3C82-4BB1-9AD3-B026BEA8F764}.Release|Any CPU.Build.0 = Release|Any CPU
		{93D13EC0-2DFA-4BB6-9EF8-663671581DB4}.Debug|Any CPU.ActiveCfg = Debug|Any CPU
		{93D13EC0-2DFA-4BB6-9EF8-663671581DB4}.Debug|Any CPU.Build.0 = Debug|Any CPU
		{93D13EC0-2DFA-4BB6-9EF8-663671581DB4}.Release|Any CPU.ActiveCfg = Release|Any CPU
		{93D13EC0-2DFA-4BB6-9EF8-663671581DB4}.Release|Any CPU.Build.0 = Release|Any CPU
	EndGlobalSection
	GlobalSection(SolutionProperties) = preSolution
		HideSolutionNode = FALSE
	EndGlobalSection
	GlobalSection(ExtensibilityGlobals) = postSolution
		SolutionGuid = {8A73B646-32CF-48EA-924A-5DFF24E4EDB8}
	EndGlobalSection
EndGlobal
